// !$*UTF8*$!
{
	archiveVersion = 1;
	classes = {
	};
	objectVersion = 50;
	objects = {

/* Begin PBXBuildFile section */
		6C4D1EDC4B6B5B06308E2CA9 /* Pods_reduxpoc.framework in Frameworks */ = {isa = PBXBuildFile; fileRef = B0AE6AF7EEFE63E09F40F9A1 /* Pods_reduxpoc.framework */; };
		9D43B2C5237D27BF00EE36DC /* AppDelegate.swift in Sources */ = {isa = PBXBuildFile; fileRef = 9D43B2C4237D27BF00EE36DC /* AppDelegate.swift */; };
		9D43B2C7237D27BF00EE36DC /* SceneDelegate.swift in Sources */ = {isa = PBXBuildFile; fileRef = 9D43B2C6237D27BF00EE36DC /* SceneDelegate.swift */; };
		9D43B2C9237D27BF00EE36DC /* ContentView.swift in Sources */ = {isa = PBXBuildFile; fileRef = 9D43B2C8237D27BF00EE36DC /* ContentView.swift */; };
		9D43B2CB237D27C000EE36DC /* Assets.xcassets in Resources */ = {isa = PBXBuildFile; fileRef = 9D43B2CA237D27C000EE36DC /* Assets.xcassets */; };
		9D43B2CE237D27C000EE36DC /* Preview Assets.xcassets in Resources */ = {isa = PBXBuildFile; fileRef = 9D43B2CD237D27C000EE36DC /* Preview Assets.xcassets */; };
		9D43B2D1237D27C000EE36DC /* LaunchScreen.storyboard in Resources */ = {isa = PBXBuildFile; fileRef = 9D43B2CF237D27C000EE36DC /* LaunchScreen.storyboard */; };
		9D43B2DC237D27C100EE36DC /* reduxpocTests.swift in Sources */ = {isa = PBXBuildFile; fileRef = 9D43B2DB237D27C100EE36DC /* reduxpocTests.swift */; };
		9D937F17237D29EC0094A831 /* State.swift in Sources */ = {isa = PBXBuildFile; fileRef = 9D937F16237D29EC0094A831 /* State.swift */; };
		9D937F19237D2C2A0094A831 /* Actions.swift in Sources */ = {isa = PBXBuildFile; fileRef = 9D937F18237D2C2A0094A831 /* Actions.swift */; };
		9D937F1B237D2CB20094A831 /* Reducers.swift in Sources */ = {isa = PBXBuildFile; fileRef = 9D937F1A237D2CB20094A831 /* Reducers.swift */; };
		9DF0E903237D34B5003CC189 /* ObservableState.swift in Sources */ = {isa = PBXBuildFile; fileRef = 9DF0E902237D34B5003CC189 /* ObservableState.swift */; };
/* End PBXBuildFile section */

/* Begin PBXContainerItemProxy section */
		9D43B2D8237D27C100EE36DC /* PBXContainerItemProxy */ = {
			isa = PBXContainerItemProxy;
			containerPortal = 9D43B2B9237D27BF00EE36DC /* Project object */;
			proxyType = 1;
			remoteGlobalIDString = 9D43B2C0237D27BF00EE36DC;
			remoteInfo = reduxpoc;
		};
/* End PBXContainerItemProxy section */

/* Begin PBXFileReference section */
		9D43B2C1237D27BF00EE36DC /* reduxpoc.app */ = {isa = PBXFileReference; explicitFileType = wrapper.application; includeInIndex = 0; path = reduxpoc.app; sourceTree = BUILT_PRODUCTS_DIR; };
		9D43B2C4237D27BF00EE36DC /* AppDelegate.swift */ = {isa = PBXFileReference; lastKnownFileType = sourcecode.swift; path = AppDelegate.swift; sourceTree = "<group>"; };
		9D43B2C6237D27BF00EE36DC /* SceneDelegate.swift */ = {isa = PBXFileReference; lastKnownFileType = sourcecode.swift; path = SceneDelegate.swift; sourceTree = "<group>"; };
		9D43B2C8237D27BF00EE36DC /* ContentView.swift */ = {isa = PBXFileReference; lastKnownFileType = sourcecode.swift; path = ContentView.swift; sourceTree = "<group>"; };
		9D43B2CA237D27C000EE36DC /* Assets.xcassets */ = {isa = PBXFileReference; lastKnownFileType = folder.assetcatalog; path = Assets.xcassets; sourceTree = "<group>"; };
		9D43B2CD237D27C000EE36DC /* Preview Assets.xcassets */ = {isa = PBXFileReference; lastKnownFileType = folder.assetcatalog; path = "Preview Assets.xcassets"; sourceTree = "<group>"; };
		9D43B2D0237D27C000EE36DC /* Base */ = {isa = PBXFileReference; lastKnownFileType = file.storyboard; name = Base; path = Base.lproj/LaunchScreen.storyboard; sourceTree = "<group>"; };
		9D43B2D2237D27C000EE36DC /* Info.plist */ = {isa = PBXFileReference; lastKnownFileType = text.plist.xml; path = Info.plist; sourceTree = "<group>"; };
		9D43B2D7237D27C100EE36DC /* reduxpocTests.xctest */ = {isa = PBXFileReference; explicitFileType = wrapper.cfbundle; includeInIndex = 0; path = reduxpocTests.xctest; sourceTree = BUILT_PRODUCTS_DIR; };
		9D43B2DB237D27C100EE36DC /* reduxpocTests.swift */ = {isa = PBXFileReference; lastKnownFileType = sourcecode.swift; path = reduxpocTests.swift; sourceTree = "<group>"; };
		9D43B2DD237D27C100EE36DC /* Info.plist */ = {isa = PBXFileReference; lastKnownFileType = text.plist.xml; path = Info.plist; sourceTree = "<group>"; };
		9D937F16237D29EC0094A831 /* State.swift */ = {isa = PBXFileReference; lastKnownFileType = sourcecode.swift; path = State.swift; sourceTree = "<group>"; };
		9D937F18237D2C2A0094A831 /* Actions.swift */ = {isa = PBXFileReference; lastKnownFileType = sourcecode.swift; path = Actions.swift; sourceTree = "<group>"; };
		9D937F1A237D2CB20094A831 /* Reducers.swift */ = {isa = PBXFileReference; lastKnownFileType = sourcecode.swift; path = Reducers.swift; sourceTree = "<group>"; };
		9DF0E902237D34B5003CC189 /* ObservableState.swift */ = {isa = PBXFileReference; lastKnownFileType = sourcecode.swift; path = ObservableState.swift; sourceTree = "<group>"; };
		B0AE6AF7EEFE63E09F40F9A1 /* Pods_reduxpoc.framework */ = {isa = PBXFileReference; explicitFileType = wrapper.framework; includeInIndex = 0; path = Pods_reduxpoc.framework; sourceTree = BUILT_PRODUCTS_DIR; };
		DB3FD1CE00192B4A4C3E4577 /* Pods-reduxpoc.release.xcconfig */ = {isa = PBXFileReference; includeInIndex = 1; lastKnownFileType = text.xcconfig; name = "Pods-reduxpoc.release.xcconfig"; path = "Pods/Target Support Files/Pods-reduxpoc/Pods-reduxpoc.release.xcconfig"; sourceTree = "<group>"; };
		F706651BD673D4E0DCB39020 /* Pods-reduxpoc.debug.xcconfig */ = {isa = PBXFileReference; includeInIndex = 1; lastKnownFileType = text.xcconfig; name = "Pods-reduxpoc.debug.xcconfig"; path = "Pods/Target Support Files/Pods-reduxpoc/Pods-reduxpoc.debug.xcconfig"; sourceTree = "<group>"; };
/* End PBXFileReference section */

/* Begin PBXFrameworksBuildPhase section */
		9D43B2BE237D27BF00EE36DC /* Frameworks */ = {
			isa = PBXFrameworksBuildPhase;
			buildActionMask = 2147483647;
			files = (
				6C4D1EDC4B6B5B06308E2CA9 /* Pods_reduxpoc.framework in Frameworks */,
			);
			runOnlyForDeploymentPostprocessing = 0;
		};
		9D43B2D4237D27C100EE36DC /* Frameworks */ = {
			isa = PBXFrameworksBuildPhase;
			buildActionMask = 2147483647;
			files = (
			);
			runOnlyForDeploymentPostprocessing = 0;
		};
/* End PBXFrameworksBuildPhase section */

/* Begin PBXGroup section */
		4A4B732F6E60E2D27B0E725E /* Pods */ = {
			isa = PBXGroup;
			children = (
				F706651BD673D4E0DCB39020 /* Pods-reduxpoc.debug.xcconfig */,
				DB3FD1CE00192B4A4C3E4577 /* Pods-reduxpoc.release.xcconfig */,
			);
			name = Pods;
			sourceTree = "<group>";
		};
		9D43B2B8237D27BF00EE36DC = {
			isa = PBXGroup;
			children = (
				9D43B2C3237D27BF00EE36DC /* reduxpoc */,
				9D43B2DA237D27C100EE36DC /* reduxpocTests */,
				9D43B2C2237D27BF00EE36DC /* Products */,
				4A4B732F6E60E2D27B0E725E /* Pods */,
				B1B17155A65354E66677C627 /* Frameworks */,
			);
			sourceTree = "<group>";
		};
		9D43B2C2237D27BF00EE36DC /* Products */ = {
			isa = PBXGroup;
			children = (
				9D43B2C1237D27BF00EE36DC /* reduxpoc.app */,
				9D43B2D7237D27C100EE36DC /* reduxpocTests.xctest */,
			);
			name = Products;
			sourceTree = "<group>";
		};
		9D43B2C3237D27BF00EE36DC /* reduxpoc */ = {
			isa = PBXGroup;
			children = (
				9D43B2C4237D27BF00EE36DC /* AppDelegate.swift */,
				9D43B2C6237D27BF00EE36DC /* SceneDelegate.swift */,
				9D43B2C8237D27BF00EE36DC /* ContentView.swift */,
				9D43B2CA237D27C000EE36DC /* Assets.xcassets */,
				9D43B2CF237D27C000EE36DC /* LaunchScreen.storyboard */,
				9D43B2D2237D27C000EE36DC /* Info.plist */,
				9D43B2CC237D27C000EE36DC /* Preview Content */,
				9D937F16237D29EC0094A831 /* State.swift */,
				9D937F18237D2C2A0094A831 /* Actions.swift */,
				9D937F1A237D2CB20094A831 /* Reducers.swift */,
				9DF0E902237D34B5003CC189 /* ObservableState.swift */,
			);
			path = reduxpoc;
			sourceTree = "<group>";
		};
		9D43B2CC237D27C000EE36DC /* Preview Content */ = {
			isa = PBXGroup;
			children = (
				9D43B2CD237D27C000EE36DC /* Preview Assets.xcassets */,
			);
			path = "Preview Content";
			sourceTree = "<group>";
		};
		9D43B2DA237D27C100EE36DC /* reduxpocTests */ = {
			isa = PBXGroup;
			children = (
				9D43B2DB237D27C100EE36DC /* reduxpocTests.swift */,
				9D43B2DD237D27C100EE36DC /* Info.plist */,
			);
			path = reduxpocTests;
			sourceTree = "<group>";
		};
		B1B17155A65354E66677C627 /* Frameworks */ = {
			isa = PBXGroup;
			children = (
				B0AE6AF7EEFE63E09F40F9A1 /* Pods_reduxpoc.framework */,
			);
			name = Frameworks;
			sourceTree = "<group>";
		};
/* End PBXGroup section */

/* Begin PBXNativeTarget section */
		9D43B2C0237D27BF00EE36DC /* reduxpoc */ = {
			isa = PBXNativeTarget;
			buildConfigurationList = 9D43B2E0237D27C100EE36DC /* Build configuration list for PBXNativeTarget "reduxpoc" */;
			buildPhases = (
				21BF40B375A66C0DE3ED665A /* [CP] Check Pods Manifest.lock */,
				9D43B2BD237D27BF00EE36DC /* Sources */,
				9D43B2BE237D27BF00EE36DC /* Frameworks */,
				9D43B2BF237D27BF00EE36DC /* Resources */,
				0FE0FD6ADE229CF3B9E6BEAC /* [CP] Embed Pods Frameworks */,
			);
			buildRules = (
			);
			dependencies = (
			);
			name = reduxpoc;
			productName = reduxpoc;
			productReference = 9D43B2C1237D27BF00EE36DC /* reduxpoc.app */;
			productType = "com.apple.product-type.application";
		};
		9D43B2D6237D27C100EE36DC /* reduxpocTests */ = {
			isa = PBXNativeTarget;
			buildConfigurationList = 9D43B2E3237D27C100EE36DC /* Build configuration list for PBXNativeTarget "reduxpocTests" */;
			buildPhases = (
				9D43B2D3237D27C100EE36DC /* Sources */,
				9D43B2D4237D27C100EE36DC /* Frameworks */,
				9D43B2D5237D27C100EE36DC /* Resources */,
			);
			buildRules = (
			);
			dependencies = (
				9D43B2D9237D27C100EE36DC /* PBXTargetDependency */,
			);
			name = reduxpocTests;
			productName = reduxpocTests;
			productReference = 9D43B2D7237D27C100EE36DC /* reduxpocTests.xctest */;
			productType = "com.apple.product-type.bundle.unit-test";
		};
/* End PBXNativeTarget section */

/* Begin PBXProject section */
		9D43B2B9237D27BF00EE36DC /* Project object */ = {
			isa = PBXProject;
			attributes = {
				LastSwiftUpdateCheck = 1110;
				LastUpgradeCheck = 1110;
				ORGANIZATIONNAME = "Focus in Lab";
				TargetAttributes = {
					9D43B2C0237D27BF00EE36DC = {
						CreatedOnToolsVersion = 11.1;
					};
					9D43B2D6237D27C100EE36DC = {
						CreatedOnToolsVersion = 11.1;
						TestTargetID = 9D43B2C0237D27BF00EE36DC;
					};
				};
			};
			buildConfigurationList = 9D43B2BC237D27BF00EE36DC /* Build configuration list for PBXProject "reduxpoc" */;
			compatibilityVersion = "Xcode 9.3";
			developmentRegion = en;
			hasScannedForEncodings = 0;
			knownRegions = (
				en,
				Base,
			);
			mainGroup = 9D43B2B8237D27BF00EE36DC;
			productRefGroup = 9D43B2C2237D27BF00EE36DC /* Products */;
			projectDirPath = "";
			projectRoot = "";
			targets = (
				9D43B2C0237D27BF00EE36DC /* reduxpoc */,
				9D43B2D6237D27C100EE36DC /* reduxpocTests */,
			);
		};
/* End PBXProject section */

/* Begin PBXResourcesBuildPhase section */
		9D43B2BF237D27BF00EE36DC /* Resources */ = {
			isa = PBXResourcesBuildPhase;
			buildActionMask = 2147483647;
			files = (
				9D43B2D1237D27C000EE36DC /* LaunchScreen.storyboard in Resources */,
				9D43B2CE237D27C000EE36DC /* Preview Assets.xcassets in Resources */,
				9D43B2CB237D27C000EE36DC /* Assets.xcassets in Resources */,
			);
			runOnlyForDeploymentPostprocessing = 0;
		};
		9D43B2D5237D27C100EE36DC /* Resources */ = {
			isa = PBXResourcesBuildPhase;
			buildActionMask = 2147483647;
			files = (
			);
			runOnlyForDeploymentPostprocessing = 0;
		};
/* End PBXResourcesBuildPhase section */

/* Begin PBXShellScriptBuildPhase section */
		0FE0FD6ADE229CF3B9E6BEAC /* [CP] Embed Pods Frameworks */ = {
			isa = PBXShellScriptBuildPhase;
			buildActionMask = 2147483647;
			files = (
			);
			inputFileListPaths = (
			);
			inputPaths = (
				"${SRCROOT}/Pods/Target Support Files/Pods-reduxpoc/Pods-reduxpoc-frameworks.sh",
				"${BUILT_PRODUCTS_DIR}/ReSwift/ReSwift.framework",
			);
			name = "[CP] Embed Pods Frameworks";
			outputFileListPaths = (
			);
			outputPaths = (
				"${TARGET_BUILD_DIR}/${FRAMEWORKS_FOLDER_PATH}/ReSwift.framework",
			);
			runOnlyForDeploymentPostprocessing = 0;
			shellPath = /bin/sh;
			shellScript = "\"${SRCROOT}/Pods/Target Support Files/Pods-reduxpoc/Pods-reduxpoc-frameworks.sh\"\n";
			showEnvVarsInLog = 0;
		};
		21BF40B375A66C0DE3ED665A /* [CP] Check Pods Manifest.lock */ = {
			isa = PBXShellScriptBuildPhase;
			buildActionMask = 2147483647;
			files = (
			);
			inputFileListPaths = (
			);
			inputPaths = (
				"${PODS_PODFILE_DIR_PATH}/Podfile.lock",
				"${PODS_ROOT}/Manifest.lock",
			);
			name = "[CP] Check Pods Manifest.lock";
			outputFileListPaths = (
			);
			outputPaths = (
				"$(DERIVED_FILE_DIR)/Pods-reduxpoc-checkManifestLockResult.txt",
			);
			runOnlyForDeploymentPostprocessing = 0;
			shellPath = /bin/sh;
			shellScript = "diff \"${PODS_PODFILE_DIR_PATH}/Podfile.lock\" \"${PODS_ROOT}/Manifest.lock\" > /dev/null\nif [ $? != 0 ] ; then\n    # print error to STDERR\n    echo \"error: The sandbox is not in sync with the Podfile.lock. Run 'pod install' or update your CocoaPods installation.\" >&2\n    exit 1\nfi\n# This output is used by Xcode 'outputs' to avoid re-running this script phase.\necho \"SUCCESS\" > \"${SCRIPT_OUTPUT_FILE_0}\"\n";
			showEnvVarsInLog = 0;
		};
/* End PBXShellScriptBuildPhase section */

/* Begin PBXSourcesBuildPhase section */
		9D43B2BD237D27BF00EE36DC /* Sources */ = {
			isa = PBXSourcesBuildPhase;
			buildActionMask = 2147483647;
			files = (
				9D937F1B237D2CB20094A831 /* Reducers.swift in Sources */,
				9D43B2C5237D27BF00EE36DC /* AppDelegate.swift in Sources */,
				9D43B2C7237D27BF00EE36DC /* SceneDelegate.swift in Sources */,
				9D43B2C9237D27BF00EE36DC /* ContentView.swift in Sources */,
				9D937F19237D2C2A0094A831 /* Actions.swift in Sources */,
				9DF0E903237D34B5003CC189 /* ObservableState.swift in Sources */,
				9D937F17237D29EC0094A831 /* State.swift in Sources */,
			);
			runOnlyForDeploymentPostprocessing = 0;
		};
		9D43B2D3237D27C100EE36DC /* Sources */ = {
			isa = PBXSourcesBuildPhase;
			buildActionMask = 2147483647;
			files = (
				9D43B2DC237D27C100EE36DC /* reduxpocTests.swift in Sources */,
			);
			runOnlyForDeploymentPostprocessing = 0;
		};
/* End PBXSourcesBuildPhase section */

/* Begin PBXTargetDependency section */
		9D43B2D9237D27C100EE36DC /* PBXTargetDependency */ = {
			isa = PBXTargetDependency;
			target = 9D43B2C0237D27BF00EE36DC /* reduxpoc */;
			targetProxy = 9D43B2D8237D27C100EE36DC /* PBXContainerItemProxy */;
		};
/* End PBXTargetDependency section */

/* Begin PBXVariantGroup section */
		9D43B2CF237D27C000EE36DC /* LaunchScreen.storyboard */ = {
			isa = PBXVariantGroup;
			children = (
				9D43B2D0237D27C000EE36DC /* Base */,
			);
			name = LaunchScreen.storyboard;
			sourceTree = "<group>";
		};
/* End PBXVariantGroup section */

/* Begin XCBuildConfiguration section */
		9D43B2DE237D27C100EE36DC /* Debug */ = {
			isa = XCBuildConfiguration;
			buildSettings = {
				ALWAYS_SEARCH_USER_PATHS = NO;
				CLANG_ANALYZER_NONNULL = YES;
				CLANG_ANALYZER_NUMBER_OBJECT_CONVERSION = YES_AGGRESSIVE;
				CLANG_CXX_LANGUAGE_STANDARD = "gnu++14";
				CLANG_CXX_LIBRARY = "libc++";
				CLANG_ENABLE_MODULES = YES;
				CLANG_ENABLE_OBJC_ARC = YES;
				CLANG_ENABLE_OBJC_WEAK = YES;
				CLANG_WARN_BLOCK_CAPTURE_AUTORELEASING = YES;
				CLANG_WARN_BOOL_CONVERSION = YES;
				CLANG_WARN_COMMA = YES;
				CLANG_WARN_CONSTANT_CONVERSION = YES;
				CLANG_WARN_DEPRECATED_OBJC_IMPLEMENTATIONS = YES;
				CLANG_WARN_DIRECT_OBJC_ISA_USAGE = YES_ERROR;
				CLANG_WARN_DOCUMENTATION_COMMENTS = YES;
				CLANG_WARN_EMPTY_BODY = YES;
				CLANG_WARN_ENUM_CONVERSION = YES;
				CLANG_WARN_INFINITE_RECURSION = YES;
				CLANG_WARN_INT_CONVERSION = YES;
				CLANG_WARN_NON_LITERAL_NULL_CONVERSION = YES;
				CLANG_WARN_OBJC_IMPLICIT_RETAIN_SELF = YES;
				CLANG_WARN_OBJC_LITERAL_CONVERSION = YES;
				CLANG_WARN_OBJC_ROOT_CLASS = YES_ERROR;
				CLANG_WARN_RANGE_LOOP_ANALYSIS = YES;
				CLANG_WARN_STRICT_PROTOTYPES = YES;
				CLANG_WARN_SUSPICIOUS_MOVE = YES;
				CLANG_WARN_UNGUARDED_AVAILABILITY = YES_AGGRESSIVE;
				CLANG_WARN_UNREACHABLE_CODE = YES;
				CLANG_WARN__DUPLICATE_METHOD_MATCH = YES;
				COPY_PHASE_STRIP = NO;
				DEBUG_INFORMATION_FORMAT = dwarf;
				ENABLE_STRICT_OBJC_MSGSEND = YES;
				ENABLE_TESTABILITY = YES;
				GCC_C_LANGUAGE_STANDARD = gnu11;
				GCC_DYNAMIC_NO_PIC = NO;
				GCC_NO_COMMON_BLOCKS = YES;
				GCC_OPTIMIZATION_LEVEL = 0;
				GCC_PREPROCESSOR_DEFINITIONS = (
					"DEBUG=1",
					"$(inherited)",
				);
				GCC_WARN_64_TO_32_BIT_CONVERSION = YES;
				GCC_WARN_ABOUT_RETURN_TYPE = YES_ERROR;
				GCC_WARN_UNDECLARED_SELECTOR = YES;
				GCC_WARN_UNINITIALIZED_AUTOS = YES_AGGRESSIVE;
				GCC_WARN_UNUSED_FUNCTION = YES;
				GCC_WARN_UNUSED_VARIABLE = YES;
				IPHONEOS_DEPLOYMENT_TARGET = 13.1;
				MTL_ENABLE_DEBUG_INFO = INCLUDE_SOURCE;
				MTL_FAST_MATH = YES;
				ONLY_ACTIVE_ARCH = YES;
				SDKROOT = iphoneos;
				SWIFT_ACTIVE_COMPILATION_CONDITIONS = DEBUG;
				SWIFT_OPTIMIZATION_LEVEL = "-Onone";
			};
			name = Debug;
		};
		9D43B2DF237D27C100EE36DC /* Release */ = {
			isa = XCBuildConfiguration;
			buildSettings = {
				ALWAYS_SEARCH_USER_PATHS = NO;
				CLANG_ANALYZER_NONNULL = YES;
				CLANG_ANALYZER_NUMBER_OBJECT_CONVERSION = YES_AGGRESSIVE;
				CLANG_CXX_LANGUAGE_STANDARD = "gnu++14";
				CLANG_CXX_LIBRARY = "libc++";
				CLANG_ENABLE_MODULES = YES;
				CLANG_ENABLE_OBJC_ARC = YES;
				CLANG_ENABLE_OBJC_WEAK = YES;
				CLANG_WARN_BLOCK_CAPTURE_AUTORELEASING = YES;
				CLANG_WARN_BOOL_CONVERSION = YES;
				CLANG_WARN_COMMA = YES;
				CLANG_WARN_CONSTANT_CONVERSION = YES;
				CLANG_WARN_DEPRECATED_OBJC_IMPLEMENTATIONS = YES;
				CLANG_WARN_DIRECT_OBJC_ISA_USAGE = YES_ERROR;
				CLANG_WARN_DOCUMENTATION_COMMENTS = YES;
				CLANG_WARN_EMPTY_BODY = YES;
				CLANG_WARN_ENUM_CONVERSION = YES;
				CLANG_WARN_INFINITE_RECURSION = YES;
				CLANG_WARN_INT_CONVERSION = YES;
				CLANG_WARN_NON_LITERAL_NULL_CONVERSION = YES;
				CLANG_WARN_OBJC_IMPLICIT_RETAIN_SELF = YES;
				CLANG_WARN_OBJC_LITERAL_CONVERSION = YES;
				CLANG_WARN_OBJC_ROOT_CLASS = YES_ERROR;
				CLANG_WARN_RANGE_LOOP_ANALYSIS = YES;
				CLANG_WARN_STRICT_PROTOTYPES = YES;
				CLANG_WARN_SUSPICIOUS_MOVE = YES;
				CLANG_WARN_UNGUARDED_AVAILABILITY = YES_AGGRESSIVE;
				CLANG_WARN_UNREACHABLE_CODE = YES;
				CLANG_WARN__DUPLICATE_METHOD_MATCH = YES;
				COPY_PHASE_STRIP = NO;
				DEBUG_INFORMATION_FORMAT = "dwarf-with-dsym";
				ENABLE_NS_ASSERTIONS = NO;
				ENABLE_STRICT_OBJC_MSGSEND = YES;
				GCC_C_LANGUAGE_STANDARD = gnu11;
				GCC_NO_COMMON_BLOCKS = YES;
				GCC_WARN_64_TO_32_BIT_CONVERSION = YES;
				GCC_WARN_ABOUT_RETURN_TYPE = YES_ERROR;
				GCC_WARN_UNDECLARED_SELECTOR = YES;
				GCC_WARN_UNINITIALIZED_AUTOS = YES_AGGRESSIVE;
				GCC_WARN_UNUSED_FUNCTION = YES;
				GCC_WARN_UNUSED_VARIABLE = YES;
				IPHONEOS_DEPLOYMENT_TARGET = 13.1;
				MTL_ENABLE_DEBUG_INFO = NO;
				MTL_FAST_MATH = YES;
				SDKROOT = iphoneos;
				SWIFT_COMPILATION_MODE = wholemodule;
				SWIFT_OPTIMIZATION_LEVEL = "-O";
				VALIDATE_PRODUCT = YES;
			};
			name = Release;
		};
		9D43B2E1237D27C100EE36DC /* Debug */ = {
			isa = XCBuildConfiguration;
			baseConfigurationReference = F706651BD673D4E0DCB39020 /* Pods-reduxpoc.debug.xcconfig */;
			buildSettings = {
				ASSETCATALOG_COMPILER_APPICON_NAME = AppIcon;
				CODE_SIGN_STYLE = Automatic;
				DEVELOPMENT_ASSET_PATHS = "\"reduxpoc/Preview Content\"";
				DEVELOPMENT_TEAM = FVNX4YA376;
				ENABLE_PREVIEWS = YES;
				FRAMEWORK_SEARCH_PATHS = (
					"\"${PODS_CONFIGURATION_BUILD_DIR}/ReSwift\"",
					"$(inherited)",
					"$(SRCROOT)/**",
				);
				INFOPLIST_FILE = reduxpoc/Info.plist;
				LD_RUNPATH_SEARCH_PATHS = (
					"$(inherited)",
					"@executable_path/Frameworks",
				);
				PRODUCT_BUNDLE_IDENTIFIER = com.focusinlab.reduxpoc;
				PRODUCT_NAME = "$(TARGET_NAME)";
				SWIFT_VERSION = 5.0;
				TARGETED_DEVICE_FAMILY = "1,2";
			};
			name = Debug;
		};
		9D43B2E2237D27C100EE36DC /* Release */ = {
			isa = XCBuildConfiguration;
			baseConfigurationReference = DB3FD1CE00192B4A4C3E4577 /* Pods-reduxpoc.release.xcconfig */;
			buildSettings = {
				ASSETCATALOG_COMPILER_APPICON_NAME = AppIcon;
				CODE_SIGN_STYLE = Automatic;
				DEVELOPMENT_ASSET_PATHS = "\"reduxpoc/Preview Content\"";
				DEVELOPMENT_TEAM = FVNX4YA376;
				ENABLE_PREVIEWS = YES;
				INFOPLIST_FILE = reduxpoc/Info.plist;
				LD_RUNPATH_SEARCH_PATHS = (
					"$(inherited)",
					"@executable_path/Frameworks",
				);
				PRODUCT_BUNDLE_IDENTIFIER = com.focusinlab.reduxpoc;
				PRODUCT_NAME = "$(TARGET_NAME)";
				SWIFT_VERSION = 5.0;
				TARGETED_DEVICE_FAMILY = "1,2";
			};
			name = Release;
		};
		9D43B2E4237D27C100EE36DC /* Debug */ = {
			isa = XCBuildConfiguration;
			buildSettings = {
				ALWAYS_EMBED_SWIFT_STANDARD_LIBRARIES = YES;
				BUNDLE_LOADER = "$(TEST_HOST)";
				CODE_SIGN_STYLE = Automatic;
				DEVELOPMENT_TEAM = FVNX4YA376;
				INFOPLIST_FILE = reduxpocTests/Info.plist;
				IPHONEOS_DEPLOYMENT_TARGET = 13.1;
				LD_RUNPATH_SEARCH_PATHS = (
					"$(inherited)",
					"@executable_path/Frameworks",
					"@loader_path/Frameworks",
				);
				PRODUCT_BUNDLE_IDENTIFIER = com.focusinlab.reduxpocTests;
				PRODUCT_NAME = "$(TARGET_NAME)";
				SWIFT_VERSION = 5.0;
				TARGETED_DEVICE_FAMILY = "1,2";
				TEST_HOST = "$(BUILT_PRODUCTS_DIR)/reduxpoc.app/reduxpoc";
			};
			name = Debug;
		};
		9D43B2E5237D27C100EE36DC /* Release */ = {
			isa = XCBuildConfiguration;
			buildSettings = {
				ALWAYS_EMBED_SWIFT_STANDARD_LIBRARIES = YES;
				BUNDLE_LOADER = "$(TEST_HOST)";
				CODE_SIGN_STYLE = Automatic;
				DEVELOPMENT_TEAM = FVNX4YA376;
				INFOPLIST_FILE = reduxpocTests/Info.plist;
				IPHONEOS_DEPLOYMENT_TARGET = 13.1;
				LD_RUNPATH_SEARCH_PATHS = (
					"$(inherited)",
					"@executable_path/Frameworks",
					"@loader_path/Frameworks",
				);
				PRODUCT_BUNDLE_IDENTIFIER = com.focusinlab.reduxpocTests;
				PRODUCT_NAME = "$(TARGET_NAME)";
				SWIFT_VERSION = 5.0;
				TARGETED_DEVICE_FAMILY = "1,2";
				TEST_HOST = "$(BUILT_PRODUCTS_DIR)/reduxpoc.app/reduxpoc";
			};
			name = Release;
		};
/* End XCBuildConfiguration section */

/* Begin XCConfigurationList section */
		9D43B2BC237D27BF00EE36DC /* Build configuration list for PBXProject "reduxpoc" */ = {
			isa = XCConfigurationList;
			buildConfigurations = (
				9D43B2DE237D27C100EE36DC /* Debug */,
				9D43B2DF237D27C100EE36DC /* Release */,
			);
			defaultConfigurationIsVisible = 0;
			defaultConfigurationName = Release;
		};
		9D43B2E0237D27C100EE36DC /* Build configuration list for PBXNativeTarget "reduxpoc" */ = {
			isa = XCConfigurationList;
			buildConfigurations = (
				9D43B2E1237D27C100EE36DC /* Debug */,
				9D43B2E2237D27C100EE36DC /* Release */,
			);
			defaultConfigurationIsVisible = 0;
			defaultConfigurationName = Release;
		};
		9D43B2E3237D27C100EE36DC /* Build configuration list for PBXNativeTarget "reduxpocTests" */ = {
			isa = XCConfigurationList;
			buildConfigurations = (
				9D43B2E4237D27C100EE36DC /* Debug */,
				9D43B2E5237D27C100EE36DC /* Release */,
			);
			defaultConfigurationIsVisible = 0;
			defaultConfigurationName = Release;
		};
/* End XCConfigurationList section */
	};
	rootObject = 9D43B2B9237D27BF00EE36DC /* Project object */;
}
